
Microsoft Visual Studio Solution File, Format Version 12.00
# Visual Studio Version 17
VisualStudioVersion = 17.5.33516.290
MinimumVisualStudioVersion = 10.0.40219.1
Project("{FAE04EC0-301F-11D3-BF4B-00C04F79EFBC}") = "testFireBase", "testFireBase\testFireBase.csproj", "{D654FAAB-B5B7-40EC-80E1-CEDB7A930FD9}"
EndProject
Global
	GlobalSection(SolutionConfigurationPlatforms) = preSolution
		Debug|Any CPU = Debug|Any CPU
		Release|Any CPU = Release|Any CPU
	EndGlobalSection
	GlobalSection(ProjectConfigurationPlatforms) = postSolution
		{D654FAAB-B5B7-40EC-80E1-CEDB7A930FD9}.Debug|Any CPU.ActiveCfg = Debug|Any CPU
		{D654FAAB-B5B7-40EC-80E1-CEDB7A930FD9}.Debug|Any CPU.Build.0 = Debug|Any CPU
		{D654FAAB-B5B7-40EC-80E1-CEDB7A930FD9}.Release|Any CPU.ActiveCfg = Release|Any CPU
		{D654FAAB-B5B7-40EC-80E1-CEDB7A930FD9}.Release|Any CPU.Build.0 = Release|Any CPU
	EndGlobalSection
	GlobalSection(SolutionProperties) = preSolution
		HideSolutionNode = FALSE
	EndGlobalSection
	GlobalSection(ExtensibilityGlobals) = postSolution
		SolutionGuid = {A4FD41B5-ECD6-45A1-BF04-EFEE9B99F64D}
	EndGlobalSection
EndGlobal
